
Microsoft Visual Studio Solution File, Format Version 12.00
# Visual Studio 2013
VisualStudioVersion = 12.0.21005.1
MinimumVisualStudioVersion = 10.0.40219.1
Project("{FAE04EC0-301F-11D3-BF4B-00C04F79EFBC}") = "BeiDream.EasyUi", "BeiDream.EasyUi\BeiDream.EasyUi.csproj", "{73D48B00-3505-49DD-B9EF-EC5F1FA738FF}"
EndProject
Project("{2150E333-8FDC-42A3-9474-1A3956D46DE8}") = "Util", "Util", "{5BC1A43C-5A38-4274-BB67-361DDE9300D7}"
EndProject
Project("{FAE04EC0-301F-11D3-BF4B-00C04F79EFBC}") = "Util.Core", "Util\Util.Core.csproj", "{EECE9B01-394B-4B1A-964A-6D9DCEF14FA2}"
EndProject
Project("{FAE04EC0-301F-11D3-BF4B-00C04F79EFBC}") = "Util.Json", "Util.Json\Util.Json.csproj", "{ED8E071E-AACA-4797-9AA7-7B03DAD45225}"
EndProject
Project("{FAE04EC0-301F-11D3-BF4B-00C04F79EFBC}") = "Util.Logs.Log4", "Util.Logs.Log4\Util.Logs.Log4.csproj", "{E4F100CF-3865-4F20-A87A-33A009DAFA8C}"
EndProject
Project("{FAE04EC0-301F-11D3-BF4B-00C04F79EFBC}") = "Util.Webs", "Util.Webs\Util.Webs.csproj", "{767E1C43-C168-44E4-8CF1-69D001EFAA59}"
EndProject
Project("{FAE04EC0-301F-11D3-BF4B-00C04F79EFBC}") = "Util.Webs.EasyUi", "Util.Webs.EasyUi\Util.Webs.EasyUi.csproj", "{194E31A3-1CE9-4CCC-B95B-412498EEDD25}"
EndProject
Project("{FAE04EC0-301F-11D3-BF4B-00C04F79EFBC}") = "Util.Security", "Util.Security\Util.Security.csproj", "{A0F4B251-CCE2-4F7D-AFC1-37651D8A131F}"
EndProject
Project("{2150E333-8FDC-42A3-9474-1A3956D46DE8}") = "Data", "Data", "{645CD38B-15E6-4E41-B804-89E6F121C232}"
EndProject
Project("{FAE04EC0-301F-11D3-BF4B-00C04F79EFBC}") = "BeiDream.PetaPoco", "BeiDream.PetaPoco\BeiDream.PetaPoco.csproj", "{B0150A63-6069-481F-A6E3-051AF259916A}"
EndProject
Project("{2150E333-8FDC-42A3-9474-1A3956D46DE8}") = "Framework", "Framework", "{133AA5A0-09A0-4849-8E12-04094C89A113}"
EndProject
Project("{FAE04EC0-301F-11D3-BF4B-00C04F79EFBC}") = "BeiDream.Common", "BeiDream.Common\BeiDream.Common.csproj", "{17F91B97-9001-45CD-AC9E-DC1A2B653FF6}"
EndProject
Project("{FAE04EC0-301F-11D3-BF4B-00C04F79EFBC}") = "BeiDream.Services", "BeiDream.Services\BeiDream.Services.csproj", "{5DB3759A-2574-4966-9487-141E9F0AB5B1}"
EndProject
Project("{FAE04EC0-301F-11D3-BF4B-00C04F79EFBC}") = "BeiDream.EF", "BeiDream.EF\BeiDream.EF.csproj", "{51CAE66D-1225-4D33-B087-F193F2E48F4E}"
EndProject
Project("{FAE04EC0-301F-11D3-BF4B-00C04F79EFBC}") = "FluentBootstrap", "FluentBootstrap\FluentBootstrap.csproj", "{FE49CF3B-6563-447B-B94E-018B334096E4}"
EndProject
Project("{FAE04EC0-301F-11D3-BF4B-00C04F79EFBC}") = "FluentBootstrap.Mvc", "FluentBootstrap.Mvc\FluentBootstrap.Mvc.csproj", "{DC78EF6D-B139-447E-989E-562AACB4F52F}"
EndProject
Global
	GlobalSection(SolutionConfigurationPlatforms) = preSolution
		Debug|Any CPU = Debug|Any CPU
		Release|Any CPU = Release|Any CPU
	EndGlobalSection
	GlobalSection(ProjectConfigurationPlatforms) = postSolution
		{73D48B00-3505-49DD-B9EF-EC5F1FA738FF}.Debug|Any CPU.ActiveCfg = Debug|Any CPU
		{73D48B00-3505-49DD-B9EF-EC5F1FA738FF}.Debug|Any CPU.Build.0 = Debug|Any CPU
		{73D48B00-3505-49DD-B9EF-EC5F1FA738FF}.Release|Any CPU.ActiveCfg = Release|Any CPU
		{73D48B00-3505-49DD-B9EF-EC5F1FA738FF}.Release|Any CPU.Build.0 = Release|Any CPU
		{EECE9B01-394B-4B1A-964A-6D9DCEF14FA2}.Debug|Any CPU.ActiveCfg = Debug|Any CPU
		{EECE9B01-394B-4B1A-964A-6D9DCEF14FA2}.Debug|Any CPU.Build.0 = Debug|Any CPU
		{EECE9B01-394B-4B1A-964A-6D9DCEF14FA2}.Release|Any CPU.ActiveCfg = Release|Any CPU
		{EECE9B01-394B-4B1A-964A-6D9DCEF14FA2}.Release|Any CPU.Build.0 = Release|Any CPU
		{ED8E071E-AACA-4797-9AA7-7B03DAD45225}.Debug|Any CPU.ActiveCfg = Debug|Any CPU
		{ED8E071E-AACA-4797-9AA7-7B03DAD45225}.Debug|Any CPU.Build.0 = Debug|Any CPU
		{ED8E071E-AACA-4797-9AA7-7B03DAD45225}.Release|Any CPU.ActiveCfg = Release|Any CPU
		{ED8E071E-AACA-4797-9AA7-7B03DAD45225}.Release|Any CPU.Build.0 = Release|Any CPU
		{E4F100CF-3865-4F20-A87A-33A009DAFA8C}.Debug|Any CPU.ActiveCfg = Debug|Any CPU
		{E4F100CF-3865-4F20-A87A-33A009DAFA8C}.Debug|Any CPU.Build.0 = Debug|Any CPU
		{E4F100CF-3865-4F20-A87A-33A009DAFA8C}.Release|Any CPU.ActiveCfg = Release|Any CPU
		{E4F100CF-3865-4F20-A87A-33A009DAFA8C}.Release|Any CPU.Build.0 = Release|Any CPU
		{767E1C43-C168-44E4-8CF1-69D001EFAA59}.Debug|Any CPU.ActiveCfg = Debug|Any CPU
		{767E1C43-C168-44E4-8CF1-69D001EFAA59}.Debug|Any CPU.Build.0 = Debug|Any CPU
		{767E1C43-C168-44E4-8CF1-69D001EFAA59}.Release|Any CPU.ActiveCfg = Release|Any CPU
		{767E1C43-C168-44E4-8CF1-69D001EFAA59}.Release|Any CPU.Build.0 = Release|Any CPU
		{194E31A3-1CE9-4CCC-B95B-412498EEDD25}.Debug|Any CPU.ActiveCfg = Debug|Any CPU
		{194E31A3-1CE9-4CCC-B95B-412498EEDD25}.Debug|Any CPU.Build.0 = Debug|Any CPU
		{194E31A3-1CE9-4CCC-B95B-412498EEDD25}.Release|Any CPU.ActiveCfg = Release|Any CPU
		{194E31A3-1CE9-4CCC-B95B-412498EEDD25}.Release|Any CPU.Build.0 = Release|Any CPU
		{A0F4B251-CCE2-4F7D-AFC1-37651D8A131F}.Debug|Any CPU.ActiveCfg = Debug|Any CPU
		{A0F4B251-CCE2-4F7D-AFC1-37651D8A131F}.Debug|Any CPU.Build.0 = Debug|Any CPU
		{A0F4B251-CCE2-4F7D-AFC1-37651D8A131F}.Release|Any CPU.ActiveCfg = Release|Any CPU
		{A0F4B251-CCE2-4F7D-AFC1-37651D8A131F}.Release|Any CPU.Build.0 = Release|Any CPU
		{B0150A63-6069-481F-A6E3-051AF259916A}.Debug|Any CPU.ActiveCfg = Debug|Any CPU
		{B0150A63-6069-481F-A6E3-051AF259916A}.Debug|Any CPU.Build.0 = Debug|Any CPU
		{B0150A63-6069-481F-A6E3-051AF259916A}.Release|Any CPU.ActiveCfg = Release|Any CPU
		{B0150A63-6069-481F-A6E3-051AF259916A}.Release|Any CPU.Build.0 = Release|Any CPU
		{17F91B97-9001-45CD-AC9E-DC1A2B653FF6}.Debug|Any CPU.ActiveCfg = Debug|Any CPU
		{17F91B97-9001-45CD-AC9E-DC1A2B653FF6}.Debug|Any CPU.Build.0 = Debug|Any CPU
		{17F91B97-9001-45CD-AC9E-DC1A2B653FF6}.Release|Any CPU.ActiveCfg = Release|Any CPU
		{17F91B97-9001-45CD-AC9E-DC1A2B653FF6}.Release|Any CPU.Build.0 = Release|Any CPU
		{5DB3759A-2574-4966-9487-141E9F0AB5B1}.Debug|Any CPU.ActiveCfg = Debug|Any CPU
		{5DB3759A-2574-4966-9487-141E9F0AB5B1}.Debug|Any CPU.Build.0 = Debug|Any CPU
		{5DB3759A-2574-4966-9487-141E9F0AB5B1}.Release|Any CPU.ActiveCfg = Release|Any CPU
		{5DB3759A-2574-4966-9487-141E9F0AB5B1}.Release|Any CPU.Build.0 = Release|Any CPU
		{51CAE66D-1225-4D33-B087-F193F2E48F4E}.Debug|Any CPU.ActiveCfg = Debug|Any CPU
		{51CAE66D-1225-4D33-B087-F193F2E48F4E}.Debug|Any CPU.Build.0 = Debug|Any CPU
		{51CAE66D-1225-4D33-B087-F193F2E48F4E}.Release|Any CPU.ActiveCfg = Release|Any CPU
		{51CAE66D-1225-4D33-B087-F193F2E48F4E}.Release|Any CPU.Build.0 = Release|Any CPU
		{FE49CF3B-6563-447B-B94E-018B334096E4}.Debug|Any CPU.ActiveCfg = Debug|Any CPU
		{FE49CF3B-6563-447B-B94E-018B334096E4}.Debug|Any CPU.Build.0 = Debug|Any CPU
		{FE49CF3B-6563-447B-B94E-018B334096E4}.Release|Any CPU.ActiveCfg = Release|Any CPU
		{FE49CF3B-6563-447B-B94E-018B334096E4}.Release|Any CPU.Build.0 = Release|Any CPU
		{DC78EF6D-B139-447E-989E-562AACB4F52F}.Debug|Any CPU.ActiveCfg = Debug|Any CPU
		{DC78EF6D-B139-447E-989E-562AACB4F52F}.Debug|Any CPU.Build.0 = Debug|Any CPU
		{DC78EF6D-B139-447E-989E-562AACB4F52F}.Release|Any CPU.ActiveCfg = Release|Any CPU
		{DC78EF6D-B139-447E-989E-562AACB4F52F}.Release|Any CPU.Build.0 = Release|Any CPU
	EndGlobalSection
	GlobalSection(SolutionProperties) = preSolution
		HideSolutionNode = FALSE
	EndGlobalSection
	GlobalSection(NestedProjects) = preSolution
		{EECE9B01-394B-4B1A-964A-6D9DCEF14FA2} = {5BC1A43C-5A38-4274-BB67-361DDE9300D7}
		{ED8E071E-AACA-4797-9AA7-7B03DAD45225} = {5BC1A43C-5A38-4274-BB67-361DDE9300D7}
		{E4F100CF-3865-4F20-A87A-33A009DAFA8C} = {5BC1A43C-5A38-4274-BB67-361DDE9300D7}
		{767E1C43-C168-44E4-8CF1-69D001EFAA59} = {5BC1A43C-5A38-4274-BB67-361DDE9300D7}
		{194E31A3-1CE9-4CCC-B95B-412498EEDD25} = {5BC1A43C-5A38-4274-BB67-361DDE9300D7}
		{A0F4B251-CCE2-4F7D-AFC1-37651D8A131F} = {5BC1A43C-5A38-4274-BB67-361DDE9300D7}
		{B0150A63-6069-481F-A6E3-051AF259916A} = {645CD38B-15E6-4E41-B804-89E6F121C232}
		{51CAE66D-1225-4D33-B087-F193F2E48F4E} = {645CD38B-15E6-4E41-B804-89E6F121C232}
		{17F91B97-9001-45CD-AC9E-DC1A2B653FF6} = {133AA5A0-09A0-4849-8E12-04094C89A113}
		{FE49CF3B-6563-447B-B94E-018B334096E4} = {133AA5A0-09A0-4849-8E12-04094C89A113}
		{DC78EF6D-B139-447E-989E-562AACB4F52F} = {133AA5A0-09A0-4849-8E12-04094C89A113}
	EndGlobalSection
EndGlobal
